// !$*UTF8*$!
{
	archiveVersion = 1;
	classes = {
	};
	objectVersion = 56;
	objects = {

/* Begin PBXBuildFile section */
		4BD063E12912E3C30052D154 /* Test_IosApp.swift in Sources */ = {isa = PBXBuildFile; fileRef = 4BD063E02912E3C30052D154 /* Test_IosApp.swift */; };
		4BD063E32912E3C30052D154 /* ContentView.swift in Sources */ = {isa = PBXBuildFile; fileRef = 4BD063E22912E3C30052D154 /* ContentView.swift */; };
		4BD063E52912E3C50052D154 /* Assets.xcassets in Resources */ = {isa = PBXBuildFile; fileRef = 4BD063E42912E3C50052D154 /* Assets.xcassets */; };
		4BD063E82912E3C50052D154 /* Preview Assets.xcassets in Resources */ = {isa = PBXBuildFile; fileRef = 4BD063E72912E3C50052D154 /* Preview Assets.xcassets */; };
		4BD063F22912E3C50052D154 /* Test_IosTests.swift in Sources */ = {isa = PBXBuildFile; fileRef = 4BD063F12912E3C50052D154 /* Test_IosTests.swift */; };
		4BD063FC2912E3C50052D154 /* Test_IosUITests.swift in Sources */ = {isa = PBXBuildFile; fileRef = 4BD063FB2912E3C50052D154 /* Test_IosUITests.swift */; };
		4BD063FE2912E3C50052D154 /* Test_IosUITestsLaunchTests.swift in Sources */ = {isa = PBXBuildFile; fileRef = 4BD063FD2912E3C50052D154 /* Test_IosUITestsLaunchTests.swift */; };
		4BD0640B2912ECD10052D154 /* Subject_tile.swift in Sources */ = {isa = PBXBuildFile; fileRef = 4BD0640A2912ECD10052D154 /* Subject_tile.swift */; };
		4BE68B462924270E00F66CB0 /* info.swift in Sources */ = {isa = PBXBuildFile; fileRef = 4BE68B452924270E00F66CB0 /* info.swift */; };
/* End PBXBuildFile section */

/* Begin PBXContainerItemProxy section */
		4BD063EE2912E3C50052D154 /* PBXContainerItemProxy */ = {
			isa = PBXContainerItemProxy;
			containerPortal = 4BD063D52912E3C30052D154 /* Project object */;
			proxyType = 1;
			remoteGlobalIDString = 4BD063DC2912E3C30052D154;
			remoteInfo = Test_Ios;
		};
		4BD063F82912E3C50052D154 /* PBXContainerItemProxy */ = {
			isa = PBXContainerItemProxy;
			containerPortal = 4BD063D52912E3C30052D154 /* Project object */;
			proxyType = 1;
			remoteGlobalIDString = 4BD063DC2912E3C30052D154;
			remoteInfo = Test_Ios;
		};
/* End PBXContainerItemProxy section */

/* Begin PBXFileReference section */
		4BD063DD2912E3C30052D154 /* Test_Ios.app */ = {isa = PBXFileReference; explicitFileType = wrapper.application; includeInIndex = 0; path = Test_Ios.app; sourceTree = BUILT_PRODUCTS_DIR; };
		4BD063E02912E3C30052D154 /* Test_IosApp.swift */ = {isa = PBXFileReference; lastKnownFileType = sourcecode.swift; path = Test_IosApp.swift; sourceTree = "<group>"; };
		4BD063E22912E3C30052D154 /* ContentView.swift */ = {isa = PBXFileReference; lastKnownFileType = sourcecode.swift; path = ContentView.swift; sourceTree = "<group>"; };
		4BD063E42912E3C50052D154 /* Assets.xcassets */ = {isa = PBXFileReference; lastKnownFileType = folder.assetcatalog; path = Assets.xcassets; sourceTree = "<group>"; };
		4BD063E72912E3C50052D154 /* Preview Assets.xcassets */ = {isa = PBXFileReference; lastKnownFileType = folder.assetcatalog; path = "Preview Assets.xcassets"; sourceTree = "<group>"; };
		4BD063ED2912E3C50052D154 /* Test_IosTests.xctest */ = {isa = PBXFileReference; explicitFileType = wrapper.cfbundle; includeInIndex = 0; path = Test_IosTests.xctest; sourceTree = BUILT_PRODUCTS_DIR; };
		4BD063F12912E3C50052D154 /* Test_IosTests.swift */ = {isa = PBXFileReference; lastKnownFileType = sourcecode.swift; path = Test_IosTests.swift; sourceTree = "<group>"; };
		4BD063F72912E3C50052D154 /* Test_IosUITests.xctest */ = {isa = PBXFileReference; explicitFileType = wrapper.cfbundle; includeInIndex = 0; path = Test_IosUITests.xctest; sourceTree = BUILT_PRODUCTS_DIR; };
		4BD063FB2912E3C50052D154 /* Test_IosUITests.swift */ = {isa = PBXFileReference; lastKnownFileType = sourcecode.swift; path = Test_IosUITests.swift; sourceTree = "<group>"; };
		4BD063FD2912E3C50052D154 /* Test_IosUITestsLaunchTests.swift */ = {isa = PBXFileReference; lastKnownFileType = sourcecode.swift; path = Test_IosUITestsLaunchTests.swift; sourceTree = "<group>"; };
		4BD0640A2912ECD10052D154 /* Subject_tile.swift */ = {isa = PBXFileReference; lastKnownFileType = sourcecode.swift; path = Subject_tile.swift; sourceTree = "<group>"; };
		4BE68B452924270E00F66CB0 /* info.swift */ = {isa = PBXFileReference; lastKnownFileType = sourcecode.swift; path = info.swift; sourceTree = "<group>"; };
/* End PBXFileReference section */

/* Begin PBXFrameworksBuildPhase section */
		4BD063DA2912E3C30052D154 /* Frameworks */ = {
			isa = PBXFrameworksBuildPhase;
			buildActionMask = 2147483647;
			files = (
			);
			runOnlyForDeploymentPostprocessing = 0;
		};
		4BD063EA2912E3C50052D154 /* Frameworks */ = {
			isa = PBXFrameworksBuildPhase;
			buildActionMask = 2147483647;
			files = (
			);
			runOnlyForDeploymentPostprocessing = 0;
		};
		4BD063F42912E3C50052D154 /* Frameworks */ = {
			isa = PBXFrameworksBuildPhase;
			buildActionMask = 2147483647;
			files = (
			);
			runOnlyForDeploymentPostprocessing = 0;
		};
/* End PBXFrameworksBuildPhase section */

/* Begin PBXGroup section */
		4BD063D42912E3C30052D154 = {
			isa = PBXGroup;
			children = (
				4BD063DF2912E3C30052D154 /* Test_Ios */,
				4BD063F02912E3C50052D154 /* Test_IosTests */,
				4BD063FA2912E3C50052D154 /* Test_IosUITests */,
				4BD063DE2912E3C30052D154 /* Products */,
			);
			sourceTree = "<group>";
		};
		4BD063DE2912E3C30052D154 /* Products */ = {
			isa = PBXGroup;
			children = (
				4BD063DD2912E3C30052D154 /* Test_Ios.app */,
				4BD063ED2912E3C50052D154 /* Test_IosTests.xctest */,
				4BD063F72912E3C50052D154 /* Test_IosUITests.xctest */,
			);
			name = Products;
			sourceTree = "<group>";
		};
		4BD063DF2912E3C30052D154 /* Test_Ios */ = {
			isa = PBXGroup;
			children = (
				4BD063E02912E3C30052D154 /* Test_IosApp.swift */,
				4BD063E22912E3C30052D154 /* ContentView.swift */,
				4BE68B452924270E00F66CB0 /* info.swift */,
				4BD0640A2912ECD10052D154 /* Subject_tile.swift */,
				4BD063E42912E3C50052D154 /* Assets.xcassets */,
				4BD063E62912E3C50052D154 /* Preview Content */,
			);
			path = Test_Ios;
			sourceTree = "<group>";
		};
		4BD063E62912E3C50052D154 /* Preview Content */ = {
			isa = PBXGroup;
			children = (
				4BD063E72912E3C50052D154 /* Preview Assets.xcassets */,
			);
			path = "Preview Content";
			sourceTree = "<group>";
		};
		4BD063F02912E3C50052D154 /* Test_IosTests */ = {
			isa = PBXGroup;
			children = (
				4BD063F12912E3C50052D154 /* Test_IosTests.swift */,
			);
			path = Test_IosTests;
			sourceTree = "<group>";
		};
		4BD063FA2912E3C50052D154 /* Test_IosUITests */ = {
			isa = PBXGroup;
			children = (
				4BD063FB2912E3C50052D154 /* Test_IosUITests.swift */,
				4BD063FD2912E3C50052D154 /* Test_IosUITestsLaunchTests.swift */,
			);
			path = Test_IosUITests;
			sourceTree = "<group>";
		};
/* End PBXGroup section */

/* Begin PBXNativeTarget section */
		4BD063DC2912E3C30052D154 /* Test_Ios */ = {
			isa = PBXNativeTarget;
			buildConfigurationList = 4BD064012912E3C50052D154 /* Build configuration list for PBXNativeTarget "Test_Ios" */;
			buildPhases = (
				4BD063D92912E3C30052D154 /* Sources */,
				4BD063DA2912E3C30052D154 /* Frameworks */,
				4BD063DB2912E3C30052D154 /* Resources */,
			);
			buildRules = (
			);
			dependencies = (
			);
			name = Test_Ios;
			productName = Test_Ios;
			productReference = 4BD063DD2912E3C30052D154 /* Test_Ios.app */;
			productType = "com.apple.product-type.application";
		};
		4BD063EC2912E3C50052D154 /* Test_IosTests */ = {
			isa = PBXNativeTarget;
			buildConfigurationList = 4BD064042912E3C50052D154 /* Build configuration list for PBXNativeTarget "Test_IosTests" */;
			buildPhases = (
				4BD063E92912E3C50052D154 /* Sources */,
				4BD063EA2912E3C50052D154 /* Frameworks */,
				4BD063EB2912E3C50052D154 /* Resources */,
			);
			buildRules = (
			);
			dependencies = (
				4BD063EF2912E3C50052D154 /* PBXTargetDependency */,
			);
			name = Test_IosTests;
			productName = Test_IosTests;
			productReference = 4BD063ED2912E3C50052D154 /* Test_IosTests.xctest */;
			productType = "com.apple.product-type.bundle.unit-test";
		};
		4BD063F62912E3C50052D154 /* Test_IosUITests */ = {
			isa = PBXNativeTarget;
			buildConfigurationList = 4BD064072912E3C50052D154 /* Build configuration list for PBXNativeTarget "Test_IosUITests" */;
			buildPhases = (
				4BD063F32912E3C50052D154 /* Sources */,
				4BD063F42912E3C50052D154 /* Frameworks */,
				4BD063F52912E3C50052D154 /* Resources */,
			);
			buildRules = (
			);
			dependencies = (
				4BD063F92912E3C50052D154 /* PBXTargetDependency */,
			);
			name = Test_IosUITests;
			productName = Test_IosUITests;
			productReference = 4BD063F72912E3C50052D154 /* Test_IosUITests.xctest */;
			productType = "com.apple.product-type.bundle.ui-testing";
		};
/* End PBXNativeTarget section */

/* Begin PBXProject section */
		4BD063D52912E3C30052D154 /* Project object */ = {
			isa = PBXProject;
			attributes = {
				BuildIndependentTargetsInParallel = 1;
				LastSwiftUpdateCheck = 1400;
				LastUpgradeCheck = 1400;
				TargetAttributes = {
					4BD063DC2912E3C30052D154 = {
						CreatedOnToolsVersion = 14.0.1;
					};
					4BD063EC2912E3C50052D154 = {
						CreatedOnToolsVersion = 14.0.1;
						TestTargetID = 4BD063DC2912E3C30052D154;
					};
					4BD063F62912E3C50052D154 = {
						CreatedOnToolsVersion = 14.0.1;
						TestTargetID = 4BD063DC2912E3C30052D154;
					};
				};
			};
			buildConfigurationList = 4BD063D82912E3C30052D154 /* Build configuration list for PBXProject "Test_Ios" */;
			compatibilityVersion = "Xcode 14.0";
			developmentRegion = en;
			hasScannedForEncodings = 0;
			knownRegions = (
				en,
				Base,
			);
			mainGroup = 4BD063D42912E3C30052D154;
			productRefGroup = 4BD063DE2912E3C30052D154 /* Products */;
			projectDirPath = "";
			projectRoot = "";
			targets = (
				4BD063DC2912E3C30052D154 /* Test_Ios */,
				4BD063EC2912E3C50052D154 /* Test_IosTests */,
				4BD063F62912E3C50052D154 /* Test_IosUITests */,
			);
		};
/* End PBXProject section */

/* Begin PBXResourcesBuildPhase section */
		4BD063DB2912E3C30052D154 /* Resources */ = {
			isa = PBXResourcesBuildPhase;
			buildActionMask = 2147483647;
			files = (
				4BD063E82912E3C50052D154 /* Preview Assets.xcassets in Resources */,
				4BD063E52912E3C50052D154 /* Assets.xcassets in Resources */,
			);
			runOnlyForDeploymentPostprocessing = 0;
		};
		4BD063EB2912E3C50052D154 /* Resources */ = {
			isa = PBXResourcesBuildPhase;
			buildActionMask = 2147483647;
			files = (
			);
			runOnlyForDeploymentPostprocessing = 0;
		};
		4BD063F52912E3C50052D154 /* Resources */ = {
			isa = PBXResourcesBuildPhase;
			buildActionMask = 2147483647;
			files = (
			);
			runOnlyForDeploymentPostprocessing = 0;
		};
/* End PBXResourcesBuildPhase section */

/* Begin PBXSourcesBuildPhase section */
		4BD063D92912E3C30052D154 /* Sources */ = {
			isa = PBXSourcesBuildPhase;
			buildActionMask = 2147483647;
			files = (
				4BD063E32912E3C30052D154 /* ContentView.swift in Sources */,
				4BE68B462924270E00F66CB0 /* info.swift in Sources */,
				4BD0640B2912ECD10052D154 /* Subject_tile.swift in Sources */,
				4BD063E12912E3C30052D154 /* Test_IosApp.swift in Sources */,
			);
			runOnlyForDeploymentPostprocessing = 0;
		};
		4BD063E92912E3C50052D154 /* Sources */ = {
			isa = PBXSourcesBuildPhase;
			buildActionMask = 2147483647;
			files = (
				4BD063F22912E3C50052D154 /* Test_IosTests.swift in Sources */,
			);
			runOnlyForDeploymentPostprocessing = 0;
		};
		4BD063F32912E3C50052D154 /* Sources */ = {
			isa = PBXSourcesBuildPhase;
			buildActionMask = 2147483647;
			files = (
				4BD063FE2912E3C50052D154 /* Test_IosUITestsLaunchTests.swift in Sources */,
				4BD063FC2912E3C50052D154 /* Test_IosUITests.swift in Sources */,
			);
			runOnlyForDeploymentPostprocessing = 0;
		};
/* End PBXSourcesBuildPhase section */

/* Begin PBXTargetDependency section */
		4BD063EF2912E3C50052D154 /* PBXTargetDependency */ = {
			isa = PBXTargetDependency;
			target = 4BD063DC2912E3C30052D154 /* Test_Ios */;
			targetProxy = 4BD063EE2912E3C50052D154 /* PBXContainerItemProxy */;
		};
		4BD063F92912E3C50052D154 /* PBXTargetDependency */ = {
			isa = PBXTargetDependency;
			target = 4BD063DC2912E3C30052D154 /* Test_Ios */;
			targetProxy = 4BD063F82912E3C50052D154 /* PBXContainerItemProxy */;
		};
/* End PBXTargetDependency section */

/* Begin XCBuildConfiguration section */
		4BD063FF2912E3C50052D154 /* Debug */ = {
			isa = XCBuildConfiguration;
			buildSettings = {
				ALWAYS_SEARCH_USER_PATHS = NO;
				CLANG_ANALYZER_NONNULL = YES;
				CLANG_ANALYZER_NUMBER_OBJECT_CONVERSION = YES_AGGRESSIVE;
				CLANG_CXX_LANGUAGE_STANDARD = "gnu++20";
				CLANG_ENABLE_MODULES = YES;
				CLANG_ENABLE_OBJC_ARC = YES;
				CLANG_ENABLE_OBJC_WEAK = YES;
				CLANG_WARN_BLOCK_CAPTURE_AUTORELEASING = YES;
				CLANG_WARN_BOOL_CONVERSION = YES;
				CLANG_WARN_COMMA = YES;
				CLANG_WARN_CONSTANT_CONVERSION = YES;
				CLANG_WARN_DEPRECATED_OBJC_IMPLEMENTATIONS = YES;
				CLANG_WARN_DIRECT_OBJC_ISA_USAGE = YES_ERROR;
				CLANG_WARN_DOCUMENTATION_COMMENTS = YES;
				CLANG_WARN_EMPTY_BODY = YES;
				CLANG_WARN_ENUM_CONVERSION = YES;
				CLANG_WARN_INFINITE_RECURSION = YES;
				CLANG_WARN_INT_CONVERSION = YES;
				CLANG_WARN_NON_LITERAL_NULL_CONVERSION = YES;
				CLANG_WARN_OBJC_IMPLICIT_RETAIN_SELF = YES;
				CLANG_WARN_OBJC_LITERAL_CONVERSION = YES;
				CLANG_WARN_OBJC_ROOT_CLASS = YES_ERROR;
				CLANG_WARN_QUOTED_INCLUDE_IN_FRAMEWORK_HEADER = YES;
				CLANG_WARN_RANGE_LOOP_ANALYSIS = YES;
				CLANG_WARN_STRICT_PROTOTYPES = YES;
				CLANG_WARN_SUSPICIOUS_MOVE = YES;
				CLANG_WARN_UNGUARDED_AVAILABILITY = YES_AGGRESSIVE;
				CLANG_WARN_UNREACHABLE_CODE = YES;
				CLANG_WARN__DUPLICATE_METHOD_MATCH = YES;
				COPY_PHASE_STRIP = NO;
				DEBUG_INFORMATION_FORMAT = dwarf;
				ENABLE_STRICT_OBJC_MSGSEND = YES;
				ENABLE_TESTABILITY = YES;
				GCC_C_LANGUAGE_STANDARD = gnu11;
				GCC_DYNAMIC_NO_PIC = NO;
				GCC_NO_COMMON_BLOCKS = YES;
				GCC_OPTIMIZATION_LEVEL = 0;
				GCC_PREPROCESSOR_DEFINITIONS = (
					"DEBUG=1",
					"$(inherited)",
				);
				GCC_WARN_64_TO_32_BIT_CONVERSION = YES;
				GCC_WARN_ABOUT_RETURN_TYPE = YES_ERROR;
				GCC_WARN_UNDECLARED_SELECTOR = YES;
				GCC_WARN_UNINITIALIZED_AUTOS = YES_AGGRESSIVE;
				GCC_WARN_UNUSED_FUNCTION = YES;
				GCC_WARN_UNUSED_VARIABLE = YES;
				IPHONEOS_DEPLOYMENT_TARGET = 16.0;
				MTL_ENABLE_DEBUG_INFO = INCLUDE_SOURCE;
				MTL_FAST_MATH = YES;
				ONLY_ACTIVE_ARCH = YES;
				SDKROOT = iphoneos;
				SWIFT_ACTIVE_COMPILATION_CONDITIONS = DEBUG;
				SWIFT_OPTIMIZATION_LEVEL = "-Onone";
			};
			name = Debug;
		};
		4BD064002912E3C50052D154 /* Release */ = {
			isa = XCBuildConfiguration;
			buildSettings = {
				ALWAYS_SEARCH_USER_PATHS = NO;
				CLANG_ANALYZER_NONNULL = YES;
				CLANG_ANALYZER_NUMBER_OBJECT_CONVERSION = YES_AGGRESSIVE;
				CLANG_CXX_LANGUAGE_STANDARD = "gnu++20";
				CLANG_ENABLE_MODULES = YES;
				CLANG_ENABLE_OBJC_ARC = YES;
				CLANG_ENABLE_OBJC_WEAK = YES;
				CLANG_WARN_BLOCK_CAPTURE_AUTORELEASING = YES;
				CLANG_WARN_BOOL_CONVERSION = YES;
				CLANG_WARN_COMMA = YES;
				CLANG_WARN_CONSTANT_CONVERSION = YES;
				CLANG_WARN_DEPRECATED_OBJC_IMPLEMENTATIONS = YES;
				CLANG_WARN_DIRECT_OBJC_ISA_USAGE = YES_ERROR;
				CLANG_WARN_DOCUMENTATION_COMMENTS = YES;
				CLANG_WARN_EMPTY_BODY = YES;
				CLANG_WARN_ENUM_CONVERSION = YES;
				CLANG_WARN_INFINITE_RECURSION = YES;
				CLANG_WARN_INT_CONVERSION = YES;
				CLANG_WARN_NON_LITERAL_NULL_CONVERSION = YES;
				CLANG_WARN_OBJC_IMPLICIT_RETAIN_SELF = YES;
				CLANG_WARN_OBJC_LITERAL_CONVERSION = YES;
				CLANG_WARN_OBJC_ROOT_CLASS = YES_ERROR;
				CLANG_WARN_QUOTED_INCLUDE_IN_FRAMEWORK_HEADER = YES;
				CLANG_WARN_RANGE_LOOP_ANALYSIS = YES;
				CLANG_WARN_STRICT_PROTOTYPES = YES;
				CLANG_WARN_SUSPICIOUS_MOVE = YES;
				CLANG_WARN_UNGUARDED_AVAILABILITY = YES_AGGRESSIVE;
				CLANG_WARN_UNREACHABLE_CODE = YES;
				CLANG_WARN__DUPLICATE_METHOD_MATCH = YES;
				COPY_PHASE_STRIP = NO;
				DEBUG_INFORMATION_FORMAT = "dwarf-with-dsym";
				ENABLE_NS_ASSERTIONS = NO;
				ENABLE_STRICT_OBJC_MSGSEND = YES;
				GCC_C_LANGUAGE_STANDARD = gnu11;
				GCC_NO_COMMON_BLOCKS = YES;
				GCC_WARN_64_TO_32_BIT_CONVERSION = YES;
				GCC_WARN_ABOUT_RETURN_TYPE = YES_ERROR;
				GCC_WARN_UNDECLARED_SELECTOR = YES;
				GCC_WARN_UNINITIALIZED_AUTOS = YES_AGGRESSIVE;
				GCC_WARN_UNUSED_FUNCTION = YES;
				GCC_WARN_UNUSED_VARIABLE = YES;
				IPHONEOS_DEPLOYMENT_TARGET = 16.0;
				MTL_ENABLE_DEBUG_INFO = NO;
				MTL_FAST_MATH = YES;
				SDKROOT = iphoneos;
				SWIFT_COMPILATION_MODE = wholemodule;
				SWIFT_OPTIMIZATION_LEVEL = "-O";
				VALIDATE_PRODUCT = YES;
			};
			name = Release;
		};
		4BD064022912E3C50052D154 /* Debug */ = {
			isa = XCBuildConfiguration;
			buildSettings = {
				ASSETCATALOG_COMPILER_APPICON_NAME = AppIcon;
				ASSETCATALOG_COMPILER_GLOBAL_ACCENT_COLOR_NAME = AccentColor;
				CODE_SIGN_STYLE = Automatic;
				CURRENT_PROJECT_VERSION = 1;
				DEVELOPMENT_ASSET_PATHS = "\"Test_Ios/Preview Content\"";
				ENABLE_PREVIEWS = YES;
				GENERATE_INFOPLIST_FILE = YES;
				INFOPLIST_KEY_UIApplicationSceneManifest_Generation = YES;
				INFOPLIST_KEY_UIApplicationSupportsIndirectInputEvents = YES;
				INFOPLIST_KEY_UILaunchScreen_Generation = YES;
				INFOPLIST_KEY_UISupportedInterfaceOrientations_iPad = "UIInterfaceOrientationPortrait UIInterfaceOrientationPortraitUpsideDown UIInterfaceOrientationLandscapeLeft UIInterfaceOrientationLandscapeRight";
				INFOPLIST_KEY_UISupportedInterfaceOrientations_iPhone = "UIInterfaceOrientationPortrait UIInterfaceOrientationLandscapeLeft UIInterfaceOrientationLandscapeRight";
				LD_RUNPATH_SEARCH_PATHS = (
					"$(inherited)",
					"@executable_path/Frameworks",
				);
				MARKETING_VERSION = 1.0;
				PRODUCT_BUNDLE_IDENTIFIER = "Mateusz.Test-Ios";
				PRODUCT_NAME = "$(TARGET_NAME)";
				SWIFT_EMIT_LOC_STRINGS = YES;
				SWIFT_VERSION = 5.0;
				TARGETED_DEVICE_FAMILY = "1,2";
			};
			name = Debug;
		};
		4BD064032912E3C50052D154 /* Release */ = {
			isa = XCBuildConfiguration;
			buildSettings = {
				ASSETCATALOG_COMPILER_APPICON_NAME = AppIcon;
				ASSETCATALOG_COMPILER_GLOBAL_ACCENT_COLOR_NAME = AccentColor;
				CODE_SIGN_STYLE = Automatic;
				CURRENT_PROJECT_VERSION = 1;
				DEVELOPMENT_ASSET_PATHS = "\"Test_Ios/Preview Content\"";
				ENABLE_PREVIEWS = YES;
				GENERATE_INFOPLIST_FILE = YES;
				INFOPLIST_KEY_UIApplicationSceneManifest_Generation = YES;
				INFOPLIST_KEY_UIApplicationSupportsIndirectInputEvents = YES;
				INFOPLIST_KEY_UILaunchScreen_Generation = YES;
				INFOPLIST_KEY_UISupportedInterfaceOrientations_iPad = "UIInterfaceOrientationPortrait UIInterfaceOrientationPortraitUpsideDown UIInterfaceOrientationLandscapeLeft UIInterfaceOrientationLandscapeRight";
				INFOPLIST_KEY_UISupportedInterfaceOrientations_iPhone = "UIInterfaceOrientationPortrait UIInterfaceOrientationLandscapeLeft UIInterfaceOrientationLandscapeRight";
				LD_RUNPATH_SEARCH_PATHS = (
					"$(inherited)",
					"@executable_path/Frameworks",
				);
				MARKETING_VERSION = 1.0;
				PRODUCT_BUNDLE_IDENTIFIER = "Mateusz.Test-Ios";
				PRODUCT_NAME = "$(TARGET_NAME)";
				SWIFT_EMIT_LOC_STRINGS = YES;
				SWIFT_VERSION = 5.0;
				TARGETED_DEVICE_FAMILY = "1,2";
			};
			name = Release;
		};
		4BD064052912E3C50052D154 /* Debug */ = {
			isa = XCBuildConfiguration;
			buildSettings = {
				ALWAYS_EMBED_SWIFT_STANDARD_LIBRARIES = YES;
				BUNDLE_LOADER = "$(TEST_HOST)";
				CODE_SIGN_STYLE = Automatic;
				CURRENT_PROJECT_VERSION = 1;
				GENERATE_INFOPLIST_FILE = YES;
				IPHONEOS_DEPLOYMENT_TARGET = 16.0;
				MARKETING_VERSION = 1.0;
				PRODUCT_BUNDLE_IDENTIFIER = "Mateusz.Test-IosTests";
				PRODUCT_NAME = "$(TARGET_NAME)";
				SWIFT_EMIT_LOC_STRINGS = NO;
				SWIFT_VERSION = 5.0;
				TARGETED_DEVICE_FAMILY = "1,2";
				TEST_HOST = "$(BUILT_PRODUCTS_DIR)/Test_Ios.app/$(BUNDLE_EXECUTABLE_FOLDER_PATH)/Test_Ios";
			};
			name = Debug;
		};
		4BD064062912E3C50052D154 /* Release */ = {
			isa = XCBuildConfiguration;
			buildSettings = {
				ALWAYS_EMBED_SWIFT_STANDARD_LIBRARIES = YES;
				BUNDLE_LOADER = "$(TEST_HOST)";
				CODE_SIGN_STYLE = Automatic;
				CURRENT_PROJECT_VERSION = 1;
				GENERATE_INFOPLIST_FILE = YES;
				IPHONEOS_DEPLOYMENT_TARGET = 16.0;
				MARKETING_VERSION = 1.0;
				PRODUCT_BUNDLE_IDENTIFIER = "Mateusz.Test-IosTests";
				PRODUCT_NAME = "$(TARGET_NAME)";
				SWIFT_EMIT_LOC_STRINGS = NO;
				SWIFT_VERSION = 5.0;
				TARGETED_DEVICE_FAMILY = "1,2";
				TEST_HOST = "$(BUILT_PRODUCTS_DIR)/Test_Ios.app/$(BUNDLE_EXECUTABLE_FOLDER_PATH)/Test_Ios";
			};
			name = Release;
		};
		4BD064082912E3C50052D154 /* Debug */ = {
			isa = XCBuildConfiguration;
			buildSettings = {
				ALWAYS_EMBED_SWIFT_STANDARD_LIBRARIES = YES;
				CODE_SIGN_STYLE = Automatic;
				CURRENT_PROJECT_VERSION = 1;
				GENERATE_INFOPLIST_FILE = YES;
				MARKETING_VERSION = 1.0;
				PRODUCT_BUNDLE_IDENTIFIER = "Mateusz.Test-IosUITests";
				PRODUCT_NAME = "$(TARGET_NAME)";
				SWIFT_EMIT_LOC_STRINGS = NO;
				SWIFT_VERSION = 5.0;
				TARGETED_DEVICE_FAMILY = "1,2";
				TEST_TARGET_NAME = Test_Ios;
			};
			name = Debug;
		};
		4BD064092912E3C50052D154 /* Release */ = {
			isa = XCBuildConfiguration;
			buildSettings = {
				ALWAYS_EMBED_SWIFT_STANDARD_LIBRARIES = YES;
				CODE_SIGN_STYLE = Automatic;
				CURRENT_PROJECT_VERSION = 1;
				GENERATE_INFOPLIST_FILE = YES;
				MARKETING_VERSION = 1.0;
				PRODUCT_BUNDLE_IDENTIFIER = "Mateusz.Test-IosUITests";
				PRODUCT_NAME = "$(TARGET_NAME)";
				SWIFT_EMIT_LOC_STRINGS = NO;
				SWIFT_VERSION = 5.0;
				TARGETED_DEVICE_FAMILY = "1,2";
				TEST_TARGET_NAME = Test_Ios;
			};
			name = Release;
		};
/* End XCBuildConfiguration section */

/* Begin XCConfigurationList section */
		4BD063D82912E3C30052D154 /* Build configuration list for PBXProject "Test_Ios" */ = {
			isa = XCConfigurationList;
			buildConfigurations = (
				4BD063FF2912E3C50052D154 /* Debug */,
				4BD064002912E3C50052D154 /* Release */,
			);
			defaultConfigurationIsVisible = 0;
			defaultConfigurationName = Release;
		};
		4BD064012912E3C50052D154 /* Build configuration list for PBXNativeTarget "Test_Ios" */ = {
			isa = XCConfigurationList;
			buildConfigurations = (
				4BD064022912E3C50052D154 /* Debug */,
				4BD064032912E3C50052D154 /* Release */,
			);
			defaultConfigurationIsVisible = 0;
			defaultConfigurationName = Release;
		};
		4BD064042912E3C50052D154 /* Build configuration list for PBXNativeTarget "Test_IosTests" */ = {
			isa = XCConfigurationList;
			buildConfigurations = (
				4BD064052912E3C50052D154 /* Debug */,
				4BD064062912E3C50052D154 /* Release */,
			);
			defaultConfigurationIsVisible = 0;
			defaultConfigurationName = Release;
		};
		4BD064072912E3C50052D154 /* Build configuration list for PBXNativeTarget "Test_IosUITests" */ = {
			isa = XCConfigurationList;
			buildConfigurations = (
				4BD064082912E3C50052D154 /* Debug */,
				4BD064092912E3C50052D154 /* Release */,
			);
			defaultConfigurationIsVisible = 0;
			defaultConfigurationName = Release;
		};
/* End XCConfigurationList section */
	};
	rootObject = 4BD063D52912E3C30052D154 /* Project object */;
}
